<?xml version="1.0" encoding="utf-8"?>
<Project ToolsVersion="4.0" xmlns="http://schemas.microsoft.com/developer/msbuild/2003">
  <ItemGroup>
    <Filter Include="Source Files">
      <UniqueIdentifier>{4FC737F1-C7A5-4376-A066-2A32D752A2FF}</UniqueIdentifier>
      <Extensions>cpp;c;cc;cxx;c++;cppm;ixx;def;odl;idl;hpj;bat;asm;asmx</Extensions>
    </Filter>
    <Filter Include="Header Files">
      <UniqueIdentifier>{93995380-89BD-4b04-88EB-625FBE52EBFB}</UniqueIdentifier>
      <Extensions>h;hh;hpp;hxx;h++;hm;inl;inc;ipp;xsd</Extensions>
    </Filter>
    <Filter Include="Resource Files">
      <UniqueIdentifier>{67DA6AB6-F800-4c08-8B7A-83BB121AAD01}</UniqueIdentifier>
      <Extensions>rc;ico;cur;bmp;dlg;rc2;rct;bin;rgs;gif;jpg;jpeg;jpe;resx;tiff;tif;png;wav;mfcribbon-ms</Extensions>
    </Filter>
    <Filter Include="Header Files\FileIO">
      <UniqueIdentifier>{0d0f2b4c-2a02-4a08-9b9e-0b2a4a463d03}</UniqueIdentifier>
    </Filter>
    <Filter Include="Header Files\Engine">
      <UniqueIdentifier>{7858ec09-9407-4a09-b37d-19c36be6cac7}</UniqueIdentifier>
    </Filter>
    <Filter Include="Header Files\Components">
      <UniqueIdentifier>{5fd44c57-2807-4362-a9df-fca94adda082}</UniqueIdentifier>
    </Filter>
    <Filter Include="Header Files\FileIO\Blueprints">
      <UniqueIdentifier>{4524642f-9039-4751-81ec-88d13805cbd7}</UniqueIdentifier>
    </Filter>
    <Filter Include="Header Files\FileIO\Helpers">
      <UniqueIdentifier>{b9486666-536e-4c24-a7cc-10b71e47f8c4}</UniqueIdentifier>
    </Filter>
    <Filter Include="Header Files\Enums">
      <UniqueIdentifier>{9471d722-a080-4e9c-922c-86f47155a717}</UniqueIdentifier>
    </Filter>
    <Filter Include="Header Files\Misc">
      <UniqueIdentifier>{2d831842-7a06-438e-afab-998921bed248}</UniqueIdentifier>
    </Filter>
    <Filter Include="Source Files\Components">
      <UniqueIdentifier>{160f79a7-efdc-43b5-98c6-0974806cef0b}</UniqueIdentifier>
    </Filter>
    <Filter Include="Source Files\Engine">
      <UniqueIdentifier>{b6816501-66ad-4321-92f7-e349bcc7f94c}</UniqueIdentifier>
    </Filter>
    <Filter Include="Source Files\FileIO">
      <UniqueIdentifier>{96cf80e5-f386-48db-b3bb-526b050cf69a}</UniqueIdentifier>
    </Filter>
    <Filter Include="Source Files\FileIO\Blueprints">
      <UniqueIdentifier>{a5258165-355a-4572-a5f2-a122e0259855}</UniqueIdentifier>
    </Filter>
  </ItemGroup>
  <ItemGroup>
    <ClCompile Include="Piece.cpp">
      <Filter>Source Files</Filter>
    </ClCompile>
    <ClCompile Include="Board.cpp">
      <Filter>Source Files</Filter>
    </ClCompile>
    <ClCompile Include="PieceFactory.cpp">
      <Filter>Source Files</Filter>
    </ClCompile>
    <ClCompile Include="DiagonalMovementComponent.cpp">
      <Filter>Source Files\Components</Filter>
    </ClCompile>
    <ClCompile Include="LShapedMovementComponent.cpp">
      <Filter>Source Files\Components</Filter>
    </ClCompile>
    <ClCompile Include="MovementComponent.cpp">
      <Filter>Source Files\Components</Filter>
    </ClCompile>
    <ClCompile Include="PawnMovementComponent.cpp">
      <Filter>Source Files\Components</Filter>
    </ClCompile>
    <ClCompile Include="StandardGraphicsComponent.cpp">
      <Filter>Source Files\Components</Filter>
    </ClCompile>
    <ClCompile Include="StraightMovementComponent.cpp">
      <Filter>Source Files\Components</Filter>
    </ClCompile>
    <ClCompile Include="BitmapStore.cpp">
      <Filter>Source Files\Engine</Filter>
    </ClCompile>
    <ClCompile Include="WindowConfiguration.cpp">
      <Filter>Source Files\FileIO\Blueprints</Filter>
    </ClCompile>
    <ClCompile Include="StringToVector2.h">
      <Filter>Header Files\FileIO\Helpers</Filter>
    </ClCompile>
    <ClCompile Include="BoardConfiguration.cpp">
      <Filter>Source Files\FileIO\Blueprints</Filter>
    </ClCompile>
    <ClCompile Include="BoardGraphicsComponent.cpp">
      <Filter>Source Files\Components</Filter>
    </ClCompile>
    <ClCompile Include="Engine.cpp">
      <Filter>Source Files\Engine</Filter>
    </ClCompile>
    <ClCompile Include="EngineRender.cpp">
      <Filter>Source Files\Engine</Filter>
    </ClCompile>
    <ClCompile Include="EngineHandleEvents.cpp">
      <Filter>Source Files\Engine</Filter>
    </ClCompile>
    <ClCompile Include="Main.cpp">
      <Filter>Source Files</Filter>
    </ClCompile>
  </ItemGroup>
  <ItemGroup>
    <ClInclude Include="Piece.h">
      <Filter>Header Files</Filter>
    </ClInclude>
    <ClInclude Include="Board.h">
      <Filter>Header Files</Filter>
    </ClInclude>
    <ClInclude Include="PieceFactory.h">
      <Filter>Header Files</Filter>
    </ClInclude>
    <ClInclude Include="DiagonalMovementComponent.h">
      <Filter>Header Files\Components</Filter>
    </ClInclude>
    <ClInclude Include="LShapedMovementComponent.h">
      <Filter>Header Files\Components</Filter>
    </ClInclude>
    <ClInclude Include="MovementComponent.h">
      <Filter>Header Files\Components</Filter>
    </ClInclude>
    <ClInclude Include="PawnMovementComponent.h">
      <Filter>Header Files\Components</Filter>
    </ClInclude>
    <ClInclude Include="StandardGraphicsComponent.h">
      <Filter>Header Files\Components</Filter>
    </ClInclude>
    <ClInclude Include="StraightMovementComponent.h">
      <Filter>Header Files\Components</Filter>
    </ClInclude>
    <ClInclude Include="BitmapStore.h">
      <Filter>Header Files\Engine</Filter>
    </ClInclude>
    <ClInclude Include="PieceType.h">
      <Filter>Header Files\Enums</Filter>
    </ClInclude>
    <ClInclude Include="Team.h">
      <Filter>Header Files\Enums</Filter>
    </ClInclude>
    <ClInclude Include="Blueprint.h">
      <Filter>Header Files\FileIO\Blueprints</Filter>
    </ClInclude>
    <ClInclude Include="WindowConfiguration.h">
      <Filter>Header Files\FileIO\Blueprints</Filter>
    </ClInclude>
    <ClInclude Include="Vector2Hash.h">
      <Filter>Header Files\Misc</Filter>
    </ClInclude>
    <ClInclude Include="Vector2Operators.h">
      <Filter>Header Files\Misc</Filter>
    </ClInclude>
    <ClInclude Include="GET_NAME.h">
      <Filter>Header Files\FileIO</Filter>
    </ClInclude>
    <ClInclude Include="FileParser.h">
      <Filter>Header Files\FileIO</Filter>
    </ClInclude>
    <ClInclude Include="GetFileTagByRegex.h">
      <Filter>Header Files\FileIO</Filter>
    </ClInclude>
    <ClInclude Include="StringToColor.h">
      <Filter>Header Files\FileIO\Helpers</Filter>
    </ClInclude>
    <ClInclude Include="Constants.h">
      <Filter>Header Files</Filter>
    </ClInclude>
    <ClInclude Include="BoardConfiguration.h">
      <Filter>Header Files\FileIO\Blueprints</Filter>
    </ClInclude>
    <ClInclude Include="Engine.h">
      <Filter>Header Files\Engine</Filter>
    </ClInclude>
    <ClInclude Include="BoardGraphicsComponent.h">
      <Filter>Header Files\Components</Filter>
    </ClInclude>
  </ItemGroup>
</Project>